
Microsoft Visual Studio Solution File, Format Version 12.00
# Visual Studio Version 17
VisualStudioVersion = 17.0.31903.59
MinimumVisualStudioVersion = 10.0.40219.1
Project("{FAE04EC0-301F-11D3-BF4B-00C04F79EFBC}") = "Theme3_ex3", "Theme3_ex3\Theme3_ex3.csproj", "{EF12583E-758E-4F10-8D09-9D38DF660966}"
EndProject
Global
	GlobalSection(SolutionConfigurationPlatforms) = preSolution
		Debug|Any CPU = Debug|Any CPU
		Release|Any CPU = Release|Any CPU
	EndGlobalSection
	GlobalSection(ProjectConfigurationPlatforms) = postSolution
		{EF12583E-758E-4F10-8D09-9D38DF660966}.Debug|Any CPU.ActiveCfg = Debug|Any CPU
		{EF12583E-758E-4F10-8D09-9D38DF660966}.Debug|Any CPU.Build.0 = Debug|Any CPU
		{EF12583E-758E-4F10-8D09-9D38DF660966}.Release|Any CPU.ActiveCfg = Release|Any CPU
		{EF12583E-758E-4F10-8D09-9D38DF660966}.Release|Any CPU.Build.0 = Release|Any CPU
	EndGlobalSection
	GlobalSection(SolutionProperties) = preSolution
		HideSolutionNode = FALSE
	EndGlobalSection
	GlobalSection(ExtensibilityGlobals) = postSolution
		SolutionGuid = {2C6114C0-0F8B-4DFD-96F4-69B690BC585A}
	EndGlobalSection
EndGlobal
