
Microsoft Visual Studio Solution File, Format Version 12.00
# Visual Studio Version 17
VisualStudioVersion = 17.0.31919.166
MinimumVisualStudioVersion = 10.0.40219.1
Project("{FAE04EC0-301F-11D3-BF4B-00C04F79EFBC}") = "Theme6_Ex1", "Theme6_Ex1\Theme6_Ex1.csproj", "{0AE7B9BF-DE17-4749-AF7E-43CC60934F33}"
EndProject
Project("{2150E333-8FDC-42A3-9474-1A3956D46DE8}") = "Theme6_Ex1", "Theme6_Ex1", "{5C086829-D557-4EA9-91AA-F0C557881325}"
EndProject
Project("{FAE04EC0-301F-11D3-BF4B-00C04F79EFBC}") = "Theme6_Add_Ex", "Theme6_Add_Ex\Theme6_Add_Ex.csproj", "{16B71454-CFFA-4269-92C3-451ED7014699}"
EndProject
Project("{2150E333-8FDC-42A3-9474-1A3956D46DE8}") = "Theme6_Add_Ex", "Theme6_Add_Ex", "{1A8DA6D3-6FE4-489A-8034-83E26FD6B1F4}"
EndProject
Project("{9A19103F-16F7-4668-BE54-9A1E7A4F7556}") = "HomeWork6_.NET", "Theme6_Add_Ex.NET\HomeWork6_.NET\HomeWork6_.NET.csproj", "{0690B07D-1194-4ED6-8CB5-B97F840C782B}"
EndProject
Global
	GlobalSection(SolutionConfigurationPlatforms) = preSolution
		Debug|Any CPU = Debug|Any CPU
		Debug|x64 = Debug|x64
		Release|Any CPU = Release|Any CPU
		Release|x64 = Release|x64
	EndGlobalSection
	GlobalSection(ProjectConfigurationPlatforms) = postSolution
		{0AE7B9BF-DE17-4749-AF7E-43CC60934F33}.Debug|Any CPU.ActiveCfg = Debug|Any CPU
		{0AE7B9BF-DE17-4749-AF7E-43CC60934F33}.Debug|Any CPU.Build.0 = Debug|Any CPU
		{0AE7B9BF-DE17-4749-AF7E-43CC60934F33}.Debug|x64.ActiveCfg = Debug|x64
		{0AE7B9BF-DE17-4749-AF7E-43CC60934F33}.Debug|x64.Build.0 = Debug|x64
		{0AE7B9BF-DE17-4749-AF7E-43CC60934F33}.Release|Any CPU.ActiveCfg = Release|Any CPU
		{0AE7B9BF-DE17-4749-AF7E-43CC60934F33}.Release|Any CPU.Build.0 = Release|Any CPU
		{0AE7B9BF-DE17-4749-AF7E-43CC60934F33}.Release|x64.ActiveCfg = Release|x64
		{0AE7B9BF-DE17-4749-AF7E-43CC60934F33}.Release|x64.Build.0 = Release|x64
		{16B71454-CFFA-4269-92C3-451ED7014699}.Debug|Any CPU.ActiveCfg = Debug|Any CPU
		{16B71454-CFFA-4269-92C3-451ED7014699}.Debug|Any CPU.Build.0 = Debug|Any CPU
		{16B71454-CFFA-4269-92C3-451ED7014699}.Debug|x64.ActiveCfg = Debug|x64
		{16B71454-CFFA-4269-92C3-451ED7014699}.Debug|x64.Build.0 = Debug|x64
		{16B71454-CFFA-4269-92C3-451ED7014699}.Release|Any CPU.ActiveCfg = Release|Any CPU
		{16B71454-CFFA-4269-92C3-451ED7014699}.Release|Any CPU.Build.0 = Release|Any CPU
		{16B71454-CFFA-4269-92C3-451ED7014699}.Release|x64.ActiveCfg = Release|x64
		{16B71454-CFFA-4269-92C3-451ED7014699}.Release|x64.Build.0 = Release|x64
		{0690B07D-1194-4ED6-8CB5-B97F840C782B}.Debug|Any CPU.ActiveCfg = Debug|Any CPU
		{0690B07D-1194-4ED6-8CB5-B97F840C782B}.Debug|Any CPU.Build.0 = Debug|Any CPU
		{0690B07D-1194-4ED6-8CB5-B97F840C782B}.Debug|x64.ActiveCfg = Debug|Any CPU
		{0690B07D-1194-4ED6-8CB5-B97F840C782B}.Debug|x64.Build.0 = Debug|Any CPU
		{0690B07D-1194-4ED6-8CB5-B97F840C782B}.Release|Any CPU.ActiveCfg = Release|Any CPU
		{0690B07D-1194-4ED6-8CB5-B97F840C782B}.Release|Any CPU.Build.0 = Release|Any CPU
		{0690B07D-1194-4ED6-8CB5-B97F840C782B}.Release|x64.ActiveCfg = Release|Any CPU
		{0690B07D-1194-4ED6-8CB5-B97F840C782B}.Release|x64.Build.0 = Release|Any CPU
	EndGlobalSection
	GlobalSection(SolutionProperties) = preSolution
		HideSolutionNode = FALSE
	EndGlobalSection
	GlobalSection(NestedProjects) = preSolution
		{0AE7B9BF-DE17-4749-AF7E-43CC60934F33} = {5C086829-D557-4EA9-91AA-F0C557881325}
		{16B71454-CFFA-4269-92C3-451ED7014699} = {1A8DA6D3-6FE4-489A-8034-83E26FD6B1F4}
	EndGlobalSection
	GlobalSection(ExtensibilityGlobals) = postSolution
		SolutionGuid = {879FA11C-B896-4FBC-901B-EE911E8C4531}
	EndGlobalSection
EndGlobal
