
Microsoft Visual Studio Solution File, Format Version 12.00
# Visual Studio Version 17
VisualStudioVersion = 17.0.31903.59
MinimumVisualStudioVersion = 10.0.40219.1
Project("{FAE04EC0-301F-11D3-BF4B-00C04F79EFBC}") = "Lesson2_Exercise2", "Lesson2_Exercise2\Lesson2_Exercise2.csproj", "{278E0FB5-6B37-43C4-BE22-C912E77BBF1A}"
EndProject
Global
	GlobalSection(SolutionConfigurationPlatforms) = preSolution
		Debug|Any CPU = Debug|Any CPU
		Release|Any CPU = Release|Any CPU
	EndGlobalSection
	GlobalSection(ProjectConfigurationPlatforms) = postSolution
		{278E0FB5-6B37-43C4-BE22-C912E77BBF1A}.Debug|Any CPU.ActiveCfg = Debug|Any CPU
		{278E0FB5-6B37-43C4-BE22-C912E77BBF1A}.Debug|Any CPU.Build.0 = Debug|Any CPU
		{278E0FB5-6B37-43C4-BE22-C912E77BBF1A}.Release|Any CPU.ActiveCfg = Release|Any CPU
		{278E0FB5-6B37-43C4-BE22-C912E77BBF1A}.Release|Any CPU.Build.0 = Release|Any CPU
	EndGlobalSection
	GlobalSection(SolutionProperties) = preSolution
		HideSolutionNode = FALSE
	EndGlobalSection
	GlobalSection(ExtensibilityGlobals) = postSolution
		SolutionGuid = {72EF4BCD-B2EA-4C8A-93FE-ECCD9E496EA8}
	EndGlobalSection
EndGlobal
